# THIS IS AN AUTOGENERATED FILE. DO NOT EDIT THIS FILE DIRECTLY.
# yarn lockfile v1


"@types/node@^10.1.2":
  "integrity" "sha512-Zh5Z4kACfbeE8aAOYh9mqotRxaZMro8MbBQtR8vEXOMiZo2rGEh2LayJijKdlu48YnS6y2EFU/oo2NCe5P6jGw=="
  "resolved" "https://registry.npmjs.org/@types/node/-/node-10.12.7.tgz"
  "version" "10.12.7"

"debug@^3.1.0":
  "integrity" "sha512-mel+jf7nrtEl5Pn1Qx46zARXKDpBbvzezse7p7LqINmdoIk8PYP5SySaxEmYv6TZ0JyEKA1hsCId6DIhgITtWQ=="
  "resolved" "https://registry.npmjs.org/debug/-/debug-3.2.6.tgz"
  "version" "3.2.6"
  dependencies:
    "ms" "^2.1.1"

"debug@^4.0.1":
  "integrity" "sha512-heNPJUJIqC+xB6ayLAMHaIrmN9HKa7aQO8MGqKpvCA+uJYVcvR6l5kgdrhRuwPFHU7P5/A1w0BjByPHwpfTDKg=="
  "resolved" "https://registry.npmjs.org/debug/-/debug-4.1.0.tgz"
  "version" "4.1.0"
  dependencies:
    "ms" "^2.1.1"

"dotenv@^8.2.0":
  "integrity" "sha512-8sJ78ElpbDJBHNeBzUbUVLsqKdccaa/BXF1uPTw3GrvQTBgrQrtObr2mUrE38vzYd8cEv+m/JBfDLioYcfXoaw=="
  "resolved" "https://registry.npmjs.org/dotenv/-/dotenv-8.2.0.tgz"
  "version" "8.2.0"

"ms@^2.1.1":
  "integrity" "sha512-tgp+dl5cGk28utYktBsrFqA7HKgrhgPsg6Z/EfhWI4gl1Hwq8B/GmY/0oXZ6nF8hDVesS/FpnYaD/kOWhYQvyg=="
  "resolved" "https://registry.npmjs.org/ms/-/ms-2.1.1.tgz"
  "version" "2.1.1"

"node-fetch@^2.2.0":
  "integrity" "sha512-ZjMPFEfVx5j+y2yF35Kzx5sF7kDzxuDj6ziH4FFbOp87zKDZNx8yExJIb05OGF4Nlt9IHFIMBkRl41VdvcNdbQ=="
  "resolved" "https://registry.npmjs.org/node-fetch/-/node-fetch-2.6.7.tgz"
  "version" "2.6.7"
  dependencies:
    "whatwg-url" "^5.0.0"

"sandwich-stream@^2.0.1":
  "integrity" "sha512-jLYV0DORrzY3xaz/S9ydJL6Iz7essZeAfnAavsJ+zsJGZ1MOnsS52yRjU3uF3pJa/lla7+wisp//fxOwOH8SKQ=="
  "resolved" "https://registry.npmjs.org/sandwich-stream/-/sandwich-stream-2.0.2.tgz"
  "version" "2.0.2"

"telegraf-ratelimit@^2.0.0":
  "integrity" "sha512-OUVJRz+pVDpkOfwvFuv4x5YxcPIl6puPN3HRdicN3NDnT+jQeMzKDwVAkvloUtyH1Ruo1wH4nfB5tZbtJAJ4pQ=="
  "resolved" "https://registry.npmjs.org/telegraf-ratelimit/-/telegraf-ratelimit-2.0.0.tgz"
  "version" "2.0.0"
  dependencies:
    "debug" "^3.1.0"

"telegraf@^3.25.0":
  "integrity" "sha512-W2L/9LIOndtzqgEnJPlDJS8Q/gwoRS/a7FvoV9kPhKwRWtJtiP8xhkr66GMbOhnB0RgSK6GMrgeZtXNzLn/bQg=="
  "resolved" "https://registry.npmjs.org/telegraf/-/telegraf-3.25.0.tgz"
  "version" "3.25.0"
  dependencies:
    "@types/node" "^10.1.2"
    "debug" "^4.0.1"
    "node-fetch" "^2.2.0"
    "sandwich-stream" "^2.0.1"
    "telegram-typings" "^3.6.0"

"telegram-typings@^3.6.0":
  "integrity" "sha512-njVv1EAhIZnmQVLocZEADYUyqA1WIXuVcDYlsp+mXua/XB0pxx+PKtMSPeZ/EE4wPWTw9h/hA9ASTT6yQelkiw=="
  "resolved" "https://registry.npmjs.org/telegram-typings/-/telegram-typings-3.6.1.tgz"
  "version" "3.6.1"

"tr46@~0.0.3":
  "integrity" "sha512-N3WMsuqV66lT30CrXNbEjx4GEwlow3v6rr4mCcv6prnfwhS01rkgyFdjPNBYd9br7LpXV1+Emh01fHnq2Gdgrw=="
  "resolved" "https://registry.npmjs.org/tr46/-/tr46-0.0.3.tgz"
  "version" "0.0.3"

"webidl-conversions@^3.0.0":
  "integrity" "sha512-2JAn3z8AR6rjK8Sm8orRC0h/bcl/DqL7tRPdGZ4I1CjdF+EaMLmYxBHyXuKL849eucPFhvBoxMsflfOb8kxaeQ=="
  "resolved" "https://registry.npmjs.org/webidl-conversions/-/webidl-conversions-3.0.1.tgz"
  "version" "3.0.1"

"whatwg-url@^5.0.0":
  "integrity" "sha512-saE57nupxk6v3HY35+jzBwYa0rKSy0XR8JSxZPwgLr7ys0IBzhGviA1/TUGJLmSVqs8pb9AnvICXEuOHLprYTw=="
  "resolved" "https://registry.npmjs.org/whatwg-url/-/whatwg-url-5.0.0.tgz"
  "version" "5.0.0"
  dependencies:
    "tr46" "~0.0.3"
    "webidl-conversions" "^3.0.0"
